{
  "name": "ralias-cockpit",
  "version": "1.0.0",
  "lockfileVersion": 3,
  "requires": true,
  "packages": {
    "": {
      "name": "ralias-cockpit",
      "version": "1.0.0",
      "license": "MIT",
      "os": [
        "win32"
      ],
      "engines": {
        "node": ">=18"
      }
    }
  }
}
